{
  "lockfileVersion": 1,
  "dependencies": {
    "react-native-system-notification": {
      "version": "0.2.1",
      "resolved": "https://registry.npmjs.org/react-native-system-notification/-/react-native-system-notification-0.2.1.tgz",
      "integrity": "sha1-7zJ2hY/zEPWJEHbszYIU23iFNGU="
    }
  }
}
